<?xml version="1.0" encoding="utf-8"?>
<Project ToolsVersion="4.0" xmlns="http://schemas.microsoft.com/developer/msbuild/2003">
  <ItemGroup>
    <ClCompile Include="src\Miscellaneous\String.cpp" />
    <ClCompile Include="src\Math\Quaternion.cpp" />
    <ClCompile Include="src\Math\Rotations.cpp" />
    <ClCompile Include="src\Miscellaneous\ExtGLM.hpp" />
    <ClCompile Include="src\Miscellaneous\ExtGLM.cpp" />
  </ItemGroup>
  <ItemGroup>
    <ClInclude Include="src\Miscellaneous\String.hpp" />
    <ClInclude Include="src\Math\Quaternion.hpp" />
    <ClInclude Include="src\Math\Rotations.hpp" />
  </ItemGroup>
</Project>